// !$*UTF8*$!
{
	archiveVersion = 1;
	classes = {
	};
	objectVersion = 56;
	objects = {

/* Begin PBXBuildFile section */
		3B13A6462CD7FA34003C7ED0 /* alarmPeace01App.swift in Sources */ = {isa = PBXBuildFile; fileRef = 3B13A6452CD7FA34003C7ED0 /* alarmPeace01App.swift */; };
		3B13A6482CD7FA34003C7ED0 /* ContentView.swift in Sources */ = {isa = PBXBuildFile; fileRef = 3B13A6472CD7FA34003C7ED0 /* ContentView.swift */; };
		3B13A64A2CD7FA35003C7ED0 /* Assets.xcassets in Resources */ = {isa = PBXBuildFile; fileRef = 3B13A6492CD7FA35003C7ED0 /* Assets.xcassets */; };
		3B13A64D2CD7FA35003C7ED0 /* Preview Assets.xcassets in Resources */ = {isa = PBXBuildFile; fileRef = 3B13A64C2CD7FA35003C7ED0 /* Preview Assets.xcassets */; };
		3B13A65F2CDFF5BB003C7ED0 /* MainTabView.swift in Sources */ = {isa = PBXBuildFile; fileRef = 3B13A65E2CDFF5BB003C7ED0 /* MainTabView.swift */; };
		3B13A6612CDFF5EA003C7ED0 /* AlarmListView.swift in Sources */ = {isa = PBXBuildFile; fileRef = 3B13A6602CDFF5EA003C7ED0 /* AlarmListView.swift */; };
		3B13A6632CDFF5FF003C7ED0 /* AlarmDetailView.swift in Sources */ = {isa = PBXBuildFile; fileRef = 3B13A6622CDFF5FF003C7ED0 /* AlarmDetailView.swift */; };
		3B13A6652CDFF60C003C7ED0 /* AddAlarmView.swift in Sources */ = {isa = PBXBuildFile; fileRef = 3B13A6642CDFF60C003C7ED0 /* AddAlarmView.swift */; };
		3B13A6672CDFF832003C7ED0 /* TimePickerView.swift in Sources */ = {isa = PBXBuildFile; fileRef = 3B13A6662CDFF832003C7ED0 /* TimePickerView.swift */; };
		3B13A6692CDFF841003C7ED0 /* AlarmToggleView.swift in Sources */ = {isa = PBXBuildFile; fileRef = 3B13A6682CDFF841003C7ED0 /* AlarmToggleView.swift */; };
		3B13A66B2CDFF853003C7ED0 /* AlarmModel.swift in Sources */ = {isa = PBXBuildFile; fileRef = 3B13A66A2CDFF853003C7ED0 /* AlarmModel.swift */; };
		3B13A66D2CDFF862003C7ED0 /* AlarmViewModel.swift in Sources */ = {isa = PBXBuildFile; fileRef = 3B13A66C2CDFF862003C7ED0 /* AlarmViewModel.swift */; };
		3B13A66F2CDFF875003C7ED0 /* NotificationService.swift in Sources */ = {isa = PBXBuildFile; fileRef = 3B13A66E2CDFF875003C7ED0 /* NotificationService.swift */; };
		3B13A6712CDFF884003C7ED0 /* SoundService.swift in Sources */ = {isa = PBXBuildFile; fileRef = 3B13A6702CDFF884003C7ED0 /* SoundService.swift */; };
		3B13A6732CDFF895003C7ED0 /* TimeFormatter.swift in Sources */ = {isa = PBXBuildFile; fileRef = 3B13A6722CDFF895003C7ED0 /* TimeFormatter.swift */; };
		3B13A6752CDFF8A1003C7ED0 /* Constants.swift in Sources */ = {isa = PBXBuildFile; fileRef = 3B13A6742CDFF8A1003C7ED0 /* Constants.swift */; };
		3B13A6772CDFF8E9003C7ED0 /* Date+Extensions.swift in Sources */ = {isa = PBXBuildFile; fileRef = 3B13A6762CDFF8E9003C7ED0 /* Date+Extensions.swift */; };
		3B13A6792CDFF8FA003C7ED0 /* Color+Extensions.swift in Sources */ = {isa = PBXBuildFile; fileRef = 3B13A6782CDFF8FA003C7ED0 /* Color+Extensions.swift */; };
/* End PBXBuildFile section */

/* Begin PBXFileReference section */
		3B13A6422CD7FA34003C7ED0 /* alarmPeace01.app */ = {isa = PBXFileReference; explicitFileType = wrapper.application; includeInIndex = 0; path = alarmPeace01.app; sourceTree = BUILT_PRODUCTS_DIR; };
		3B13A6452CD7FA34003C7ED0 /* alarmPeace01App.swift */ = {isa = PBXFileReference; lastKnownFileType = sourcecode.swift; path = alarmPeace01App.swift; sourceTree = "<group>"; };
		3B13A6472CD7FA34003C7ED0 /* ContentView.swift */ = {isa = PBXFileReference; lastKnownFileType = sourcecode.swift; path = ContentView.swift; sourceTree = "<group>"; };
		3B13A6492CD7FA35003C7ED0 /* Assets.xcassets */ = {isa = PBXFileReference; lastKnownFileType = folder.assetcatalog; path = Assets.xcassets; sourceTree = "<group>"; };
		3B13A64C2CD7FA35003C7ED0 /* Preview Assets.xcassets */ = {isa = PBXFileReference; lastKnownFileType = folder.assetcatalog; path = "Preview Assets.xcassets"; sourceTree = "<group>"; };
		3B13A65E2CDFF5BB003C7ED0 /* MainTabView.swift */ = {isa = PBXFileReference; lastKnownFileType = sourcecode.swift; path = MainTabView.swift; sourceTree = "<group>"; };
		3B13A6602CDFF5EA003C7ED0 /* AlarmListView.swift */ = {isa = PBXFileReference; lastKnownFileType = sourcecode.swift; path = AlarmListView.swift; sourceTree = "<group>"; };
		3B13A6622CDFF5FF003C7ED0 /* AlarmDetailView.swift */ = {isa = PBXFileReference; lastKnownFileType = sourcecode.swift; path = AlarmDetailView.swift; sourceTree = "<group>"; };
		3B13A6642CDFF60C003C7ED0 /* AddAlarmView.swift */ = {isa = PBXFileReference; lastKnownFileType = sourcecode.swift; path = AddAlarmView.swift; sourceTree = "<group>"; };
		3B13A6662CDFF832003C7ED0 /* TimePickerView.swift */ = {isa = PBXFileReference; lastKnownFileType = sourcecode.swift; path = TimePickerView.swift; sourceTree = "<group>"; };
		3B13A6682CDFF841003C7ED0 /* AlarmToggleView.swift */ = {isa = PBXFileReference; lastKnownFileType = sourcecode.swift; path = AlarmToggleView.swift; sourceTree = "<group>"; };
		3B13A66A2CDFF853003C7ED0 /* AlarmModel.swift */ = {isa = PBXFileReference; lastKnownFileType = sourcecode.swift; path = AlarmModel.swift; sourceTree = "<group>"; };
		3B13A66C2CDFF862003C7ED0 /* AlarmViewModel.swift */ = {isa = PBXFileReference; lastKnownFileType = sourcecode.swift; path = AlarmViewModel.swift; sourceTree = "<group>"; };
		3B13A66E2CDFF875003C7ED0 /* NotificationService.swift */ = {isa = PBXFileReference; lastKnownFileType = sourcecode.swift; path = NotificationService.swift; sourceTree = "<group>"; };
		3B13A6702CDFF884003C7ED0 /* SoundService.swift */ = {isa = PBXFileReference; lastKnownFileType = sourcecode.swift; path = SoundService.swift; sourceTree = "<group>"; };
		3B13A6722CDFF895003C7ED0 /* TimeFormatter.swift */ = {isa = PBXFileReference; lastKnownFileType = sourcecode.swift; path = TimeFormatter.swift; sourceTree = "<group>"; };
		3B13A6742CDFF8A1003C7ED0 /* Constants.swift */ = {isa = PBXFileReference; lastKnownFileType = sourcecode.swift; path = Constants.swift; sourceTree = "<group>"; };
		3B13A6762CDFF8E9003C7ED0 /* Date+Extensions.swift */ = {isa = PBXFileReference; lastKnownFileType = sourcecode.swift; path = "Date+Extensions.swift"; sourceTree = "<group>"; };
		3B13A6782CDFF8FA003C7ED0 /* Color+Extensions.swift */ = {isa = PBXFileReference; lastKnownFileType = sourcecode.swift; path = "Color+Extensions.swift"; sourceTree = "<group>"; };
/* End PBXFileReference section */

/* Begin PBXFrameworksBuildPhase section */
		3B13A63F2CD7FA34003C7ED0 /* Frameworks */ = {
			isa = PBXFrameworksBuildPhase;
			buildActionMask = 2147483647;
			files = (
			);
			runOnlyForDeploymentPostprocessing = 0;
		};
/* End PBXFrameworksBuildPhase section */

/* Begin PBXGroup section */
		3B13A6392CD7FA34003C7ED0 = {
			isa = PBXGroup;
			children = (
				3B13A6442CD7FA34003C7ED0 /* alarmPeace01 */,
				3B13A6432CD7FA34003C7ED0 /* Products */,
			);
			sourceTree = "<group>";
		};
		3B13A6432CD7FA34003C7ED0 /* Products */ = {
			isa = PBXGroup;
			children = (
				3B13A6422CD7FA34003C7ED0 /* alarmPeace01.app */,
			);
			name = Products;
			sourceTree = "<group>";
		};
		3B13A6442CD7FA34003C7ED0 /* alarmPeace01 */ = {
			isa = PBXGroup;
			children = (
				3B13A6532CDFA9E0003C7ED0 /* App */,
				3B13A6542CDFA9EF003C7ED0 /* Views */,
				3B13A6552CDFA9FD003C7ED0 /* Models */,
				3B13A6562CDFAA04003C7ED0 /* ViewModels */,
				3B13A6572CDFAA0B003C7ED0 /* Services */,
				3B13A6582CDFAA13003C7ED0 /* Utilities */,
				3B13A6592CDFAA23003C7ED0 /* Resources */,
				3B13A65A2CDFAA29003C7ED0 /* Extensions */,
				3B13A64B2CD7FA35003C7ED0 /* Preview Content */,
			);
			path = alarmPeace01;
			sourceTree = "<group>";
		};
		3B13A64B2CD7FA35003C7ED0 /* Preview Content */ = {
			isa = PBXGroup;
			children = (
				3B13A64C2CD7FA35003C7ED0 /* Preview Assets.xcassets */,
			);
			path = "Preview Content";
			sourceTree = "<group>";
		};
		3B13A6532CDFA9E0003C7ED0 /* App */ = {
			isa = PBXGroup;
			children = (
				3B13A6452CD7FA34003C7ED0 /* alarmPeace01App.swift */,
			);
			path = App;
			sourceTree = "<group>";
		};
		3B13A6542CDFA9EF003C7ED0 /* Views */ = {
			isa = PBXGroup;
			children = (
				3B13A65B2CDFAA55003C7ED0 /* Main */,
				3B13A65C2CDFAA5A003C7ED0 /* Alarm */,
				3B13A65D2CDFAA6A003C7ED0 /* Components */,
			);
			path = Views;
			sourceTree = "<group>";
		};
		3B13A6552CDFA9FD003C7ED0 /* Models */ = {
			isa = PBXGroup;
			children = (
				3B13A66A2CDFF853003C7ED0 /* AlarmModel.swift */,
			);
			path = Models;
			sourceTree = "<group>";
		};
		3B13A6562CDFAA04003C7ED0 /* ViewModels */ = {
			isa = PBXGroup;
			children = (
				3B13A66C2CDFF862003C7ED0 /* AlarmViewModel.swift */,
			);
			path = ViewModels;
			sourceTree = "<group>";
		};
		3B13A6572CDFAA0B003C7ED0 /* Services */ = {
			isa = PBXGroup;
			children = (
				3B13A66E2CDFF875003C7ED0 /* NotificationService.swift */,
				3B13A6702CDFF884003C7ED0 /* SoundService.swift */,
			);
			path = Services;
			sourceTree = "<group>";
		};
		3B13A6582CDFAA13003C7ED0 /* Utilities */ = {
			isa = PBXGroup;
			children = (
				3B13A6722CDFF895003C7ED0 /* TimeFormatter.swift */,
				3B13A6742CDFF8A1003C7ED0 /* Constants.swift */,
			);
			path = Utilities;
			sourceTree = "<group>";
		};
		3B13A6592CDFAA23003C7ED0 /* Resources */ = {
			isa = PBXGroup;
			children = (
				3B13A6492CD7FA35003C7ED0 /* Assets.xcassets */,
			);
			path = Resources;
			sourceTree = "<group>";
		};
		3B13A65A2CDFAA29003C7ED0 /* Extensions */ = {
			isa = PBXGroup;
			children = (
				3B13A6762CDFF8E9003C7ED0 /* Date+Extensions.swift */,
				3B13A6782CDFF8FA003C7ED0 /* Color+Extensions.swift */,
			);
			path = Extensions;
			sourceTree = "<group>";
		};
		3B13A65B2CDFAA55003C7ED0 /* Main */ = {
			isa = PBXGroup;
			children = (
				3B13A6472CD7FA34003C7ED0 /* ContentView.swift */,
				3B13A65E2CDFF5BB003C7ED0 /* MainTabView.swift */,
			);
			path = Main;
			sourceTree = "<group>";
		};
		3B13A65C2CDFAA5A003C7ED0 /* Alarm */ = {
			isa = PBXGroup;
			children = (
				3B13A6602CDFF5EA003C7ED0 /* AlarmListView.swift */,
				3B13A6622CDFF5FF003C7ED0 /* AlarmDetailView.swift */,
				3B13A6642CDFF60C003C7ED0 /* AddAlarmView.swift */,
			);
			path = Alarm;
			sourceTree = "<group>";
		};
		3B13A65D2CDFAA6A003C7ED0 /* Components */ = {
			isa = PBXGroup;
			children = (
				3B13A6662CDFF832003C7ED0 /* TimePickerView.swift */,
				3B13A6682CDFF841003C7ED0 /* AlarmToggleView.swift */,
			);
			path = Components;
			sourceTree = "<group>";
		};
/* End PBXGroup section */

/* Begin PBXNativeTarget section */
		3B13A6412CD7FA34003C7ED0 /* alarmPeace01 */ = {
			isa = PBXNativeTarget;
			buildConfigurationList = 3B13A6502CD7FA35003C7ED0 /* Build configuration list for PBXNativeTarget "alarmPeace01" */;
			buildPhases = (
				3B13A63E2CD7FA34003C7ED0 /* Sources */,
				3B13A63F2CD7FA34003C7ED0 /* Frameworks */,
				3B13A6402CD7FA34003C7ED0 /* Resources */,
			);
			buildRules = (
			);
			dependencies = (
			);
			name = alarmPeace01;
			productName = alarmPeace01;
			productReference = 3B13A6422CD7FA34003C7ED0 /* alarmPeace01.app */;
			productType = "com.apple.product-type.application";
		};
/* End PBXNativeTarget section */

/* Begin PBXProject section */
		3B13A63A2CD7FA34003C7ED0 /* Project object */ = {
			isa = PBXProject;
			attributes = {
				BuildIndependentTargetsInParallel = 1;
				LastSwiftUpdateCheck = 1540;
				LastUpgradeCheck = 1540;
				TargetAttributes = {
					3B13A6412CD7FA34003C7ED0 = {
						CreatedOnToolsVersion = 15.4;
					};
				};
			};
			buildConfigurationList = 3B13A63D2CD7FA34003C7ED0 /* Build configuration list for PBXProject "alarmPeace01" */;
			compatibilityVersion = "Xcode 14.0";
			developmentRegion = en;
			hasScannedForEncodings = 0;
			knownRegions = (
				en,
				Base,
			);
			mainGroup = 3B13A6392CD7FA34003C7ED0;
			productRefGroup = 3B13A6432CD7FA34003C7ED0 /* Products */;
			projectDirPath = "";
			projectRoot = "";
			targets = (
				3B13A6412CD7FA34003C7ED0 /* alarmPeace01 */,
			);
		};
/* End PBXProject section */

/* Begin PBXResourcesBuildPhase section */
		3B13A6402CD7FA34003C7ED0 /* Resources */ = {
			isa = PBXResourcesBuildPhase;
			buildActionMask = 2147483647;
			files = (
				3B13A64D2CD7FA35003C7ED0 /* Preview Assets.xcassets in Resources */,
				3B13A64A2CD7FA35003C7ED0 /* Assets.xcassets in Resources */,
			);
			runOnlyForDeploymentPostprocessing = 0;
		};
/* End PBXResourcesBuildPhase section */

/* Begin PBXSourcesBuildPhase section */
		3B13A63E2CD7FA34003C7ED0 /* Sources */ = {
			isa = PBXSourcesBuildPhase;
			buildActionMask = 2147483647;
			files = (
				3B13A6632CDFF5FF003C7ED0 /* AlarmDetailView.swift in Sources */,
				3B13A66F2CDFF875003C7ED0 /* NotificationService.swift in Sources */,
				3B13A6482CD7FA34003C7ED0 /* ContentView.swift in Sources */,
				3B13A6692CDFF841003C7ED0 /* AlarmToggleView.swift in Sources */,
				3B13A6652CDFF60C003C7ED0 /* AddAlarmView.swift in Sources */,
				3B13A66D2CDFF862003C7ED0 /* AlarmViewModel.swift in Sources */,
				3B13A6672CDFF832003C7ED0 /* TimePickerView.swift in Sources */,
				3B13A6732CDFF895003C7ED0 /* TimeFormatter.swift in Sources */,
				3B13A6772CDFF8E9003C7ED0 /* Date+Extensions.swift in Sources */,
				3B13A6712CDFF884003C7ED0 /* SoundService.swift in Sources */,
				3B13A66B2CDFF853003C7ED0 /* AlarmModel.swift in Sources */,
				3B13A6792CDFF8FA003C7ED0 /* Color+Extensions.swift in Sources */,
				3B13A6462CD7FA34003C7ED0 /* alarmPeace01App.swift in Sources */,
				3B13A6752CDFF8A1003C7ED0 /* Constants.swift in Sources */,
				3B13A6612CDFF5EA003C7ED0 /* AlarmListView.swift in Sources */,
				3B13A65F2CDFF5BB003C7ED0 /* MainTabView.swift in Sources */,
			);
			runOnlyForDeploymentPostprocessing = 0;
		};
/* End PBXSourcesBuildPhase section */

/* Begin XCBuildConfiguration section */
		3B13A64E2CD7FA35003C7ED0 /* Debug */ = {
			isa = XCBuildConfiguration;
			buildSettings = {
				ALWAYS_SEARCH_USER_PATHS = NO;
				ASSETCATALOG_COMPILER_GENERATE_SWIFT_ASSET_SYMBOL_EXTENSIONS = YES;
				CLANG_ANALYZER_NONNULL = YES;
				CLANG_ANALYZER_NUMBER_OBJECT_CONVERSION = YES_AGGRESSIVE;
				CLANG_CXX_LANGUAGE_STANDARD = "gnu++20";
				CLANG_ENABLE_MODULES = YES;
				CLANG_ENABLE_OBJC_ARC = YES;
				CLANG_ENABLE_OBJC_WEAK = YES;
				CLANG_WARN_BLOCK_CAPTURE_AUTORELEASING = YES;
				CLANG_WARN_BOOL_CONVERSION = YES;
				CLANG_WARN_COMMA = YES;
				CLANG_WARN_CONSTANT_CONVERSION = YES;
				CLANG_WARN_DEPRECATED_OBJC_IMPLEMENTATIONS = YES;
				CLANG_WARN_DIRECT_OBJC_ISA_USAGE = YES_ERROR;
				CLANG_WARN_DOCUMENTATION_COMMENTS = YES;
				CLANG_WARN_EMPTY_BODY = YES;
				CLANG_WARN_ENUM_CONVERSION = YES;
				CLANG_WARN_INFINITE_RECURSION = YES;
				CLANG_WARN_INT_CONVERSION = YES;
				CLANG_WARN_NON_LITERAL_NULL_CONVERSION = YES;
				CLANG_WARN_OBJC_IMPLICIT_RETAIN_SELF = YES;
				CLANG_WARN_OBJC_LITERAL_CONVERSION = YES;
				CLANG_WARN_OBJC_ROOT_CLASS = YES_ERROR;
				CLANG_WARN_QUOTED_INCLUDE_IN_FRAMEWORK_HEADER = YES;
				CLANG_WARN_RANGE_LOOP_ANALYSIS = YES;
				CLANG_WARN_STRICT_PROTOTYPES = YES;
				CLANG_WARN_SUSPICIOUS_MOVE = YES;
				CLANG_WARN_UNGUARDED_AVAILABILITY = YES_AGGRESSIVE;
				CLANG_WARN_UNREACHABLE_CODE = YES;
				CLANG_WARN__DUPLICATE_METHOD_MATCH = YES;
				COPY_PHASE_STRIP = NO;
				DEBUG_INFORMATION_FORMAT = dwarf;
				ENABLE_STRICT_OBJC_MSGSEND = YES;
				ENABLE_TESTABILITY = YES;
				ENABLE_USER_SCRIPT_SANDBOXING = YES;
				GCC_C_LANGUAGE_STANDARD = gnu17;
				GCC_DYNAMIC_NO_PIC = NO;
				GCC_NO_COMMON_BLOCKS = YES;
				GCC_OPTIMIZATION_LEVEL = 0;
				GCC_PREPROCESSOR_DEFINITIONS = (
					"DEBUG=1",
					"$(inherited)",
				);
				GCC_WARN_64_TO_32_BIT_CONVERSION = YES;
				GCC_WARN_ABOUT_RETURN_TYPE = YES_ERROR;
				GCC_WARN_UNDECLARED_SELECTOR = YES;
				GCC_WARN_UNINITIALIZED_AUTOS = YES_AGGRESSIVE;
				GCC_WARN_UNUSED_FUNCTION = YES;
				GCC_WARN_UNUSED_VARIABLE = YES;
				IPHONEOS_DEPLOYMENT_TARGET = 17.5;
				LOCALIZATION_PREFERS_STRING_CATALOGS = YES;
				MTL_ENABLE_DEBUG_INFO = INCLUDE_SOURCE;
				MTL_FAST_MATH = YES;
				ONLY_ACTIVE_ARCH = YES;
				SDKROOT = iphoneos;
				SWIFT_ACTIVE_COMPILATION_CONDITIONS = "DEBUG $(inherited)";
				SWIFT_OPTIMIZATION_LEVEL = "-Onone";
			};
			name = Debug;
		};
		3B13A64F2CD7FA35003C7ED0 /* Release */ = {
			isa = XCBuildConfiguration;
			buildSettings = {
				ALWAYS_SEARCH_USER_PATHS = NO;
				ASSETCATALOG_COMPILER_GENERATE_SWIFT_ASSET_SYMBOL_EXTENSIONS = YES;
				CLANG_ANALYZER_NONNULL = YES;
				CLANG_ANALYZER_NUMBER_OBJECT_CONVERSION = YES_AGGRESSIVE;
				CLANG_CXX_LANGUAGE_STANDARD = "gnu++20";
				CLANG_ENABLE_MODULES = YES;
				CLANG_ENABLE_OBJC_ARC = YES;
				CLANG_ENABLE_OBJC_WEAK = YES;
				CLANG_WARN_BLOCK_CAPTURE_AUTORELEASING = YES;
				CLANG_WARN_BOOL_CONVERSION = YES;
				CLANG_WARN_COMMA = YES;
				CLANG_WARN_CONSTANT_CONVERSION = YES;
				CLANG_WARN_DEPRECATED_OBJC_IMPLEMENTATIONS = YES;
				CLANG_WARN_DIRECT_OBJC_ISA_USAGE = YES_ERROR;
				CLANG_WARN_DOCUMENTATION_COMMENTS = YES;
				CLANG_WARN_EMPTY_BODY = YES;
				CLANG_WARN_ENUM_CONVERSION = YES;
				CLANG_WARN_INFINITE_RECURSION = YES;
				CLANG_WARN_INT_CONVERSION = YES;
				CLANG_WARN_NON_LITERAL_NULL_CONVERSION = YES;
				CLANG_WARN_OBJC_IMPLICIT_RETAIN_SELF = YES;
				CLANG_WARN_OBJC_LITERAL_CONVERSION = YES;
				CLANG_WARN_OBJC_ROOT_CLASS = YES_ERROR;
				CLANG_WARN_QUOTED_INCLUDE_IN_FRAMEWORK_HEADER = YES;
				CLANG_WARN_RANGE_LOOP_ANALYSIS = YES;
				CLANG_WARN_STRICT_PROTOTYPES = YES;
				CLANG_WARN_SUSPICIOUS_MOVE = YES;
				CLANG_WARN_UNGUARDED_AVAILABILITY = YES_AGGRESSIVE;
				CLANG_WARN_UNREACHABLE_CODE = YES;
				CLANG_WARN__DUPLICATE_METHOD_MATCH = YES;
				COPY_PHASE_STRIP = NO;
				DEBUG_INFORMATION_FORMAT = "dwarf-with-dsym";
				ENABLE_NS_ASSERTIONS = NO;
				ENABLE_STRICT_OBJC_MSGSEND = YES;
				ENABLE_USER_SCRIPT_SANDBOXING = YES;
				GCC_C_LANGUAGE_STANDARD = gnu17;
				GCC_NO_COMMON_BLOCKS = YES;
				GCC_WARN_64_TO_32_BIT_CONVERSION = YES;
				GCC_WARN_ABOUT_RETURN_TYPE = YES_ERROR;
				GCC_WARN_UNDECLARED_SELECTOR = YES;
				GCC_WARN_UNINITIALIZED_AUTOS = YES_AGGRESSIVE;
				GCC_WARN_UNUSED_FUNCTION = YES;
				GCC_WARN_UNUSED_VARIABLE = YES;
				IPHONEOS_DEPLOYMENT_TARGET = 17.5;
				LOCALIZATION_PREFERS_STRING_CATALOGS = YES;
				MTL_ENABLE_DEBUG_INFO = NO;
				MTL_FAST_MATH = YES;
				SDKROOT = iphoneos;
				SWIFT_COMPILATION_MODE = wholemodule;
				VALIDATE_PRODUCT = YES;
			};
			name = Release;
		};
		3B13A6512CD7FA35003C7ED0 /* Debug */ = {
			isa = XCBuildConfiguration;
			buildSettings = {
				ASSETCATALOG_COMPILER_APPICON_NAME = AppIcon;
				ASSETCATALOG_COMPILER_GLOBAL_ACCENT_COLOR_NAME = AccentColor;
				CODE_SIGN_STYLE = Automatic;
				CURRENT_PROJECT_VERSION = 1;
				DEVELOPMENT_ASSET_PATHS = "\"alarmPeace01/Preview Content\"";
				DEVELOPMENT_TEAM = NGA2X6V298;
				ENABLE_PREVIEWS = YES;
				GENERATE_INFOPLIST_FILE = YES;
				INFOPLIST_KEY_UIApplicationSceneManifest_Generation = YES;
				INFOPLIST_KEY_UIApplicationSupportsIndirectInputEvents = YES;
				INFOPLIST_KEY_UILaunchScreen_Generation = YES;
				INFOPLIST_KEY_UISupportedInterfaceOrientations = UIInterfaceOrientationPortrait;
				IPHONEOS_DEPLOYMENT_TARGET = 16.6;
				LD_RUNPATH_SEARCH_PATHS = (
					"$(inherited)",
					"@executable_path/Frameworks",
				);
				MARKETING_VERSION = 1.0;
				PRODUCT_BUNDLE_IDENTIFIER = com.noyohelsinki.alarmPeace01;
				PRODUCT_NAME = "$(TARGET_NAME)";
				SUPPORTED_PLATFORMS = "iphoneos iphonesimulator";
				SUPPORTS_MACCATALYST = NO;
				SUPPORTS_MAC_DESIGNED_FOR_IPHONE_IPAD = NO;
				SUPPORTS_XR_DESIGNED_FOR_IPHONE_IPAD = NO;
				SWIFT_EMIT_LOC_STRINGS = YES;
				SWIFT_VERSION = 5.0;
				TARGETED_DEVICE_FAMILY = "1,2";
			};
			name = Debug;
		};
		3B13A6522CD7FA35003C7ED0 /* Release */ = {
			isa = XCBuildConfiguration;
			buildSettings = {
				ASSETCATALOG_COMPILER_APPICON_NAME = AppIcon;
				ASSETCATALOG_COMPILER_GLOBAL_ACCENT_COLOR_NAME = AccentColor;
				CODE_SIGN_STYLE = Automatic;
				CURRENT_PROJECT_VERSION = 1;
				DEVELOPMENT_ASSET_PATHS = "\"alarmPeace01/Preview Content\"";
				DEVELOPMENT_TEAM = NGA2X6V298;
				ENABLE_PREVIEWS = YES;
				GENERATE_INFOPLIST_FILE = YES;
				INFOPLIST_KEY_UIApplicationSceneManifest_Generation = YES;
				INFOPLIST_KEY_UIApplicationSupportsIndirectInputEvents = YES;
				INFOPLIST_KEY_UILaunchScreen_Generation = YES;
				INFOPLIST_KEY_UISupportedInterfaceOrientations = UIInterfaceOrientationPortrait;
				IPHONEOS_DEPLOYMENT_TARGET = 16.6;
				LD_RUNPATH_SEARCH_PATHS = (
					"$(inherited)",
					"@executable_path/Frameworks",
				);
				MARKETING_VERSION = 1.0;
				PRODUCT_BUNDLE_IDENTIFIER = com.noyohelsinki.alarmPeace01;
				PRODUCT_NAME = "$(TARGET_NAME)";
				SUPPORTED_PLATFORMS = "iphoneos iphonesimulator";
				SUPPORTS_MACCATALYST = NO;
				SUPPORTS_MAC_DESIGNED_FOR_IPHONE_IPAD = NO;
				SUPPORTS_XR_DESIGNED_FOR_IPHONE_IPAD = NO;
				SWIFT_EMIT_LOC_STRINGS = YES;
				SWIFT_VERSION = 5.0;
				TARGETED_DEVICE_FAMILY = "1,2";
			};
			name = Release;
		};
/* End XCBuildConfiguration section */

/* Begin XCConfigurationList section */
		3B13A63D2CD7FA34003C7ED0 /* Build configuration list for PBXProject "alarmPeace01" */ = {
			isa = XCConfigurationList;
			buildConfigurations = (
				3B13A64E2CD7FA35003C7ED0 /* Debug */,
				3B13A64F2CD7FA35003C7ED0 /* Release */,
			);
			defaultConfigurationIsVisible = 0;
			defaultConfigurationName = Release;
		};
		3B13A6502CD7FA35003C7ED0 /* Build configuration list for PBXNativeTarget "alarmPeace01" */ = {
			isa = XCConfigurationList;
			buildConfigurations = (
				3B13A6512CD7FA35003C7ED0 /* Debug */,
				3B13A6522CD7FA35003C7ED0 /* Release */,
			);
			defaultConfigurationIsVisible = 0;
			defaultConfigurationName = Release;
		};
/* End XCConfigurationList section */
	};
	rootObject = 3B13A63A2CD7FA34003C7ED0 /* Project object */;
}
